
Microsoft Visual Studio Solution File, Format Version 12.00
# Visual Studio Version 17
VisualStudioVersion = 17.4.33403.182
MinimumVisualStudioVersion = 10.0.40219.1
Project("{FAE04EC0-301F-11D3-BF4B-00C04F79EFBC}") = "ProyectoPractica", "ProyectoPractica\ProyectoPractica.csproj", "{9A95587C-B388-4D76-981E-5D7D75D651BA}"
EndProject
Project("{FAE04EC0-301F-11D3-BF4B-00C04F79EFBC}") = "dominio", "dominio\dominio.csproj", "{86218B83-D8C7-457D-92CB-5977B8353C12}"
EndProject
Project("{FAE04EC0-301F-11D3-BF4B-00C04F79EFBC}") = "services", "services\services.csproj", "{1EC7FE29-D386-40DF-85F7-89F9B260DFDD}"
EndProject
Global
	GlobalSection(SolutionConfigurationPlatforms) = preSolution
		Debug|Any CPU = Debug|Any CPU
		Release|Any CPU = Release|Any CPU
	EndGlobalSection
	GlobalSection(ProjectConfigurationPlatforms) = postSolution
		{9A95587C-B388-4D76-981E-5D7D75D651BA}.Debug|Any CPU.ActiveCfg = Debug|Any CPU
		{9A95587C-B388-4D76-981E-5D7D75D651BA}.Debug|Any CPU.Build.0 = Debug|Any CPU
		{9A95587C-B388-4D76-981E-5D7D75D651BA}.Release|Any CPU.ActiveCfg = Release|Any CPU
		{9A95587C-B388-4D76-981E-5D7D75D651BA}.Release|Any CPU.Build.0 = Release|Any CPU
		{86218B83-D8C7-457D-92CB-5977B8353C12}.Debug|Any CPU.ActiveCfg = Debug|Any CPU
		{86218B83-D8C7-457D-92CB-5977B8353C12}.Debug|Any CPU.Build.0 = Debug|Any CPU
		{86218B83-D8C7-457D-92CB-5977B8353C12}.Release|Any CPU.ActiveCfg = Release|Any CPU
		{86218B83-D8C7-457D-92CB-5977B8353C12}.Release|Any CPU.Build.0 = Release|Any CPU
		{1EC7FE29-D386-40DF-85F7-89F9B260DFDD}.Debug|Any CPU.ActiveCfg = Debug|Any CPU
		{1EC7FE29-D386-40DF-85F7-89F9B260DFDD}.Debug|Any CPU.Build.0 = Debug|Any CPU
		{1EC7FE29-D386-40DF-85F7-89F9B260DFDD}.Release|Any CPU.ActiveCfg = Release|Any CPU
		{1EC7FE29-D386-40DF-85F7-89F9B260DFDD}.Release|Any CPU.Build.0 = Release|Any CPU
	EndGlobalSection
	GlobalSection(SolutionProperties) = preSolution
		HideSolutionNode = FALSE
	EndGlobalSection
	GlobalSection(ExtensibilityGlobals) = postSolution
		SolutionGuid = {F400F554-D031-42C3-B936-BC0F2EC638D4}
	EndGlobalSection
EndGlobal
